// !$*UTF8*$!
{
	archiveVersion = 1;
	classes = {
	};
	objectVersion = 50;
	objects = {

/* Begin PBXBuildFile section */
		9022726A207A0EE000F9B3C6 /* AppDelegate.swift in Sources */ = {isa = PBXBuildFile; fileRef = 90227269207A0EE000F9B3C6 /* AppDelegate.swift */; };
		9022726C207A0EE000F9B3C6 /* ViewController.swift in Sources */ = {isa = PBXBuildFile; fileRef = 9022726B207A0EE000F9B3C6 /* ViewController.swift */; };
		90227271207A0EE200F9B3C6 /* Assets.xcassets in Resources */ = {isa = PBXBuildFile; fileRef = 90227270207A0EE200F9B3C6 /* Assets.xcassets */; };
		90227274207A0EE200F9B3C6 /* LaunchScreen.storyboard in Resources */ = {isa = PBXBuildFile; fileRef = 90227272207A0EE200F9B3C6 /* LaunchScreen.storyboard */; };
		9022727C207A109800F9B3C6 /* CardCollectionViewLayout.swift in Sources */ = {isa = PBXBuildFile; fileRef = 9022727B207A109800F9B3C6 /* CardCollectionViewLayout.swift */; };
		9022727E207A10DC00F9B3C6 /* RangeExtensions.swift in Sources */ = {isa = PBXBuildFile; fileRef = 9022727D207A10DC00F9B3C6 /* RangeExtensions.swift */; };
/* End PBXBuildFile section */

/* Begin PBXFileReference section */
		90227266207A0EE000F9B3C6 /* CardCollectionViewLayout.app */ = {isa = PBXFileReference; explicitFileType = wrapper.application; includeInIndex = 0; path = CardCollectionViewLayout.app; sourceTree = BUILT_PRODUCTS_DIR; };
		90227269207A0EE000F9B3C6 /* AppDelegate.swift */ = {isa = PBXFileReference; lastKnownFileType = sourcecode.swift; path = AppDelegate.swift; sourceTree = "<group>"; };
		9022726B207A0EE000F9B3C6 /* ViewController.swift */ = {isa = PBXFileReference; lastKnownFileType = sourcecode.swift; path = ViewController.swift; sourceTree = "<group>"; };
		90227270207A0EE200F9B3C6 /* Assets.xcassets */ = {isa = PBXFileReference; lastKnownFileType = folder.assetcatalog; path = Assets.xcassets; sourceTree = "<group>"; };
		90227273207A0EE200F9B3C6 /* Base */ = {isa = PBXFileReference; lastKnownFileType = file.storyboard; name = Base; path = Base.lproj/LaunchScreen.storyboard; sourceTree = "<group>"; };
		90227275207A0EE200F9B3C6 /* Info.plist */ = {isa = PBXFileReference; lastKnownFileType = text.plist.xml; path = Info.plist; sourceTree = "<group>"; };
		9022727B207A109800F9B3C6 /* CardCollectionViewLayout.swift */ = {isa = PBXFileReference; lastKnownFileType = sourcecode.swift; path = CardCollectionViewLayout.swift; sourceTree = "<group>"; };
		9022727D207A10DC00F9B3C6 /* RangeExtensions.swift */ = {isa = PBXFileReference; lastKnownFileType = sourcecode.swift; path = RangeExtensions.swift; sourceTree = "<group>"; };
/* End PBXFileReference section */

/* Begin PBXFrameworksBuildPhase section */
		90227263207A0EE000F9B3C6 /* Frameworks */ = {
			isa = PBXFrameworksBuildPhase;
			buildActionMask = 2147483647;
			files = (
			);
			runOnlyForDeploymentPostprocessing = 0;
		};
/* End PBXFrameworksBuildPhase section */

/* Begin PBXGroup section */
		9022725D207A0EE000F9B3C6 = {
			isa = PBXGroup;
			children = (
				90227268207A0EE000F9B3C6 /* CardCollectionViewLayout */,
				90227267207A0EE000F9B3C6 /* Products */,
			);
			sourceTree = "<group>";
		};
		90227267207A0EE000F9B3C6 /* Products */ = {
			isa = PBXGroup;
			children = (
				90227266207A0EE000F9B3C6 /* CardCollectionViewLayout.app */,
			);
			name = Products;
			sourceTree = "<group>";
		};
		90227268207A0EE000F9B3C6 /* CardCollectionViewLayout */ = {
			isa = PBXGroup;
			children = (
				90227269207A0EE000F9B3C6 /* AppDelegate.swift */,
				9022726B207A0EE000F9B3C6 /* ViewController.swift */,
				9022727D207A10DC00F9B3C6 /* RangeExtensions.swift */,
				9022727B207A109800F9B3C6 /* CardCollectionViewLayout.swift */,
				90227270207A0EE200F9B3C6 /* Assets.xcassets */,
				90227272207A0EE200F9B3C6 /* LaunchScreen.storyboard */,
				90227275207A0EE200F9B3C6 /* Info.plist */,
			);
			path = CardCollectionViewLayout;
			sourceTree = "<group>";
		};
/* End PBXGroup section */

/* Begin PBXNativeTarget section */
		90227265207A0EE000F9B3C6 /* CardCollectionViewLayout */ = {
			isa = PBXNativeTarget;
			buildConfigurationList = 90227278207A0EE200F9B3C6 /* Build configuration list for PBXNativeTarget "CardCollectionViewLayout" */;
			buildPhases = (
				90227262207A0EE000F9B3C6 /* Sources */,
				90227263207A0EE000F9B3C6 /* Frameworks */,
				90227264207A0EE000F9B3C6 /* Resources */,
			);
			buildRules = (
			);
			dependencies = (
			);
			name = CardCollectionViewLayout;
			productName = CardCollectionViewLayout;
			productReference = 90227266207A0EE000F9B3C6 /* CardCollectionViewLayout.app */;
			productType = "com.apple.product-type.application";
		};
/* End PBXNativeTarget section */

/* Begin PBXProject section */
		9022725E207A0EE000F9B3C6 /* Project object */ = {
			isa = PBXProject;
			attributes = {
				LastSwiftUpdateCheck = 0930;
				LastUpgradeCheck = 0930;
				ORGANIZATIONNAME = "Michal Štembera";
				TargetAttributes = {
					90227265207A0EE000F9B3C6 = {
						CreatedOnToolsVersion = 9.3;
					};
				};
			};
			buildConfigurationList = 90227261207A0EE000F9B3C6 /* Build configuration list for PBXProject "CardCollectionViewLayout" */;
			compatibilityVersion = "Xcode 9.3";
			developmentRegion = en;
			hasScannedForEncodings = 0;
			knownRegions = (
				en,
				Base,
			);
			mainGroup = 9022725D207A0EE000F9B3C6;
			productRefGroup = 90227267207A0EE000F9B3C6 /* Products */;
			projectDirPath = "";
			projectRoot = "";
			targets = (
				90227265207A0EE000F9B3C6 /* CardCollectionViewLayout */,
			);
		};
/* End PBXProject section */

/* Begin PBXResourcesBuildPhase section */
		90227264207A0EE000F9B3C6 /* Resources */ = {
			isa = PBXResourcesBuildPhase;
			buildActionMask = 2147483647;
			files = (
				90227274207A0EE200F9B3C6 /* LaunchScreen.storyboard in Resources */,
				90227271207A0EE200F9B3C6 /* Assets.xcassets in Resources */,
			);
			runOnlyForDeploymentPostprocessing = 0;
		};
/* End PBXResourcesBuildPhase section */

/* Begin PBXSourcesBuildPhase section */
		90227262207A0EE000F9B3C6 /* Sources */ = {
			isa = PBXSourcesBuildPhase;
			buildActionMask = 2147483647;
			files = (
				9022726C207A0EE000F9B3C6 /* ViewController.swift in Sources */,
				9022727E207A10DC00F9B3C6 /* RangeExtensions.swift in Sources */,
				9022727C207A109800F9B3C6 /* CardCollectionViewLayout.swift in Sources */,
				9022726A207A0EE000F9B3C6 /* AppDelegate.swift in Sources */,
			);
			runOnlyForDeploymentPostprocessing = 0;
		};
/* End PBXSourcesBuildPhase section */

/* Begin PBXVariantGroup section */
		90227272207A0EE200F9B3C6 /* LaunchScreen.storyboard */ = {
			isa = PBXVariantGroup;
			children = (
				90227273207A0EE200F9B3C6 /* Base */,
			);
			name = LaunchScreen.storyboard;
			sourceTree = "<group>";
		};
/* End PBXVariantGroup section */

/* Begin XCBuildConfiguration section */
		90227276207A0EE200F9B3C6 /* Debug */ = {
			isa = XCBuildConfiguration;
			buildSettings = {
				ALWAYS_SEARCH_USER_PATHS = NO;
				CLANG_ANALYZER_NONNULL = YES;
				CLANG_ANALYZER_NUMBER_OBJECT_CONVERSION = YES_AGGRESSIVE;
				CLANG_CXX_LANGUAGE_STANDARD = "gnu++14";
				CLANG_CXX_LIBRARY = "libc++";
				CLANG_ENABLE_MODULES = YES;
				CLANG_ENABLE_OBJC_ARC = YES;
				CLANG_ENABLE_OBJC_WEAK = YES;
				CLANG_WARN_BLOCK_CAPTURE_AUTORELEASING = YES;
				CLANG_WARN_BOOL_CONVERSION = YES;
				CLANG_WARN_COMMA = YES;
				CLANG_WARN_CONSTANT_CONVERSION = YES;
				CLANG_WARN_DEPRECATED_OBJC_IMPLEMENTATIONS = YES;
				CLANG_WARN_DIRECT_OBJC_ISA_USAGE = YES_ERROR;
				CLANG_WARN_DOCUMENTATION_COMMENTS = YES;
				CLANG_WARN_EMPTY_BODY = YES;
				CLANG_WARN_ENUM_CONVERSION = YES;
				CLANG_WARN_INFINITE_RECURSION = YES;
				CLANG_WARN_INT_CONVERSION = YES;
				CLANG_WARN_NON_LITERAL_NULL_CONVERSION = YES;
				CLANG_WARN_OBJC_IMPLICIT_RETAIN_SELF = YES;
				CLANG_WARN_OBJC_LITERAL_CONVERSION = YES;
				CLANG_WARN_OBJC_ROOT_CLASS = YES_ERROR;
				CLANG_WARN_RANGE_LOOP_ANALYSIS = YES;
				CLANG_WARN_STRICT_PROTOTYPES = YES;
				CLANG_WARN_SUSPICIOUS_MOVE = YES;
				CLANG_WARN_UNGUARDED_AVAILABILITY = YES_AGGRESSIVE;
				CLANG_WARN_UNREACHABLE_CODE = YES;
				CLANG_WARN__DUPLICATE_METHOD_MATCH = YES;
				CODE_SIGN_IDENTITY = "iPhone Developer";
				COPY_PHASE_STRIP = NO;
				DEBUG_INFORMATION_FORMAT = dwarf;
				ENABLE_STRICT_OBJC_MSGSEND = YES;
				ENABLE_TESTABILITY = YES;
				GCC_C_LANGUAGE_STANDARD = gnu11;
				GCC_DYNAMIC_NO_PIC = NO;
				GCC_NO_COMMON_BLOCKS = YES;
				GCC_OPTIMIZATION_LEVEL = 0;
				GCC_PREPROCESSOR_DEFINITIONS = (
					"DEBUG=1",
					"$(inherited)",
				);
				GCC_WARN_64_TO_32_BIT_CONVERSION = YES;
				GCC_WARN_ABOUT_RETURN_TYPE = YES_ERROR;
				GCC_WARN_UNDECLARED_SELECTOR = YES;
				GCC_WARN_UNINITIALIZED_AUTOS = YES_AGGRESSIVE;
				GCC_WARN_UNUSED_FUNCTION = YES;
				GCC_WARN_UNUSED_VARIABLE = YES;
				IPHONEOS_DEPLOYMENT_TARGET = 11.3;
				MTL_ENABLE_DEBUG_INFO = YES;
				ONLY_ACTIVE_ARCH = YES;
				SDKROOT = iphoneos;
				SWIFT_ACTIVE_COMPILATION_CONDITIONS = DEBUG;
				SWIFT_OPTIMIZATION_LEVEL = "-Onone";
			};
			name = Debug;
		};
		90227277207A0EE200F9B3C6 /* Release */ = {
			isa = XCBuildConfiguration;
			buildSettings = {
				ALWAYS_SEARCH_USER_PATHS = NO;
				CLANG_ANALYZER_NONNULL = YES;
				CLANG_ANALYZER_NUMBER_OBJECT_CONVERSION = YES_AGGRESSIVE;
				CLANG_CXX_LANGUAGE_STANDARD = "gnu++14";
				CLANG_CXX_LIBRARY = "libc++";
				CLANG_ENABLE_MODULES = YES;
				CLANG_ENABLE_OBJC_ARC = YES;
				CLANG_ENABLE_OBJC_WEAK = YES;
				CLANG_WARN_BLOCK_CAPTURE_AUTORELEASING = YES;
				CLANG_WARN_BOOL_CONVERSION = YES;
				CLANG_WARN_COMMA = YES;
				CLANG_WARN_CONSTANT_CONVERSION = YES;
				CLANG_WARN_DEPRECATED_OBJC_IMPLEMENTATIONS = YES;
				CLANG_WARN_DIRECT_OBJC_ISA_USAGE = YES_ERROR;
				CLANG_WARN_DOCUMENTATION_COMMENTS = YES;
				CLANG_WARN_EMPTY_BODY = YES;
				CLANG_WARN_ENUM_CONVERSION = YES;
				CLANG_WARN_INFINITE_RECURSION = YES;
				CLANG_WARN_INT_CONVERSION = YES;
				CLANG_WARN_NON_LITERAL_NULL_CONVERSION = YES;
				CLANG_WARN_OBJC_IMPLICIT_RETAIN_SELF = YES;
				CLANG_WARN_OBJC_LITERAL_CONVERSION = YES;
				CLANG_WARN_OBJC_ROOT_CLASS = YES_ERROR;
				CLANG_WARN_RANGE_LOOP_ANALYSIS = YES;
				CLANG_WARN_STRICT_PROTOTYPES = YES;
				CLANG_WARN_SUSPICIOUS_MOVE = YES;
				CLANG_WARN_UNGUARDED_AVAILABILITY = YES_AGGRESSIVE;
				CLANG_WARN_UNREACHABLE_CODE = YES;
				CLANG_WARN__DUPLICATE_METHOD_MATCH = YES;
				CODE_SIGN_IDENTITY = "iPhone Developer";
				COPY_PHASE_STRIP = NO;
				DEBUG_INFORMATION_FORMAT = "dwarf-with-dsym";
				ENABLE_NS_ASSERTIONS = NO;
				ENABLE_STRICT_OBJC_MSGSEND = YES;
				GCC_C_LANGUAGE_STANDARD = gnu11;
				GCC_NO_COMMON_BLOCKS = YES;
				GCC_WARN_64_TO_32_BIT_CONVERSION = YES;
				GCC_WARN_ABOUT_RETURN_TYPE = YES_ERROR;
				GCC_WARN_UNDECLARED_SELECTOR = YES;
				GCC_WARN_UNINITIALIZED_AUTOS = YES_AGGRESSIVE;
				GCC_WARN_UNUSED_FUNCTION = YES;
				GCC_WARN_UNUSED_VARIABLE = YES;
				IPHONEOS_DEPLOYMENT_TARGET = 11.3;
				MTL_ENABLE_DEBUG_INFO = NO;
				SDKROOT = iphoneos;
				SWIFT_COMPILATION_MODE = wholemodule;
				SWIFT_OPTIMIZATION_LEVEL = "-O";
				VALIDATE_PRODUCT = YES;
			};
			name = Release;
		};
		90227279207A0EE200F9B3C6 /* Debug */ = {
			isa = XCBuildConfiguration;
			buildSettings = {
				ASSETCATALOG_COMPILER_APPICON_NAME = AppIcon;
				CODE_SIGN_STYLE = Automatic;
				DEVELOPMENT_TEAM = DGBE2R3XJ5;
				INFOPLIST_FILE = CardCollectionViewLayout/Info.plist;
				LD_RUNPATH_SEARCH_PATHS = (
					"$(inherited)",
					"@executable_path/Frameworks",
				);
				PRODUCT_BUNDLE_IDENTIFIER = co.netvor.CardCollectionViewLayout;
				PRODUCT_NAME = "$(TARGET_NAME)";
				SWIFT_VERSION = 4.0;
				TARGETED_DEVICE_FAMILY = "1,2";
			};
			name = Debug;
		};
		9022727A207A0EE200F9B3C6 /* Release */ = {
			isa = XCBuildConfiguration;
			buildSettings = {
				ASSETCATALOG_COMPILER_APPICON_NAME = AppIcon;
				CODE_SIGN_STYLE = Automatic;
				DEVELOPMENT_TEAM = DGBE2R3XJ5;
				INFOPLIST_FILE = CardCollectionViewLayout/Info.plist;
				LD_RUNPATH_SEARCH_PATHS = (
					"$(inherited)",
					"@executable_path/Frameworks",
				);
				PRODUCT_BUNDLE_IDENTIFIER = co.netvor.CardCollectionViewLayout;
				PRODUCT_NAME = "$(TARGET_NAME)";
				SWIFT_VERSION = 4.0;
				TARGETED_DEVICE_FAMILY = "1,2";
			};
			name = Release;
		};
/* End XCBuildConfiguration section */

/* Begin XCConfigurationList section */
		90227261207A0EE000F9B3C6 /* Build configuration list for PBXProject "CardCollectionViewLayout" */ = {
			isa = XCConfigurationList;
			buildConfigurations = (
				90227276207A0EE200F9B3C6 /* Debug */,
				90227277207A0EE200F9B3C6 /* Release */,
			);
			defaultConfigurationIsVisible = 0;
			defaultConfigurationName = Release;
		};
		90227278207A0EE200F9B3C6 /* Build configuration list for PBXNativeTarget "CardCollectionViewLayout" */ = {
			isa = XCConfigurationList;
			buildConfigurations = (
				90227279207A0EE200F9B3C6 /* Debug */,
				9022727A207A0EE200F9B3C6 /* Release */,
			);
			defaultConfigurationIsVisible = 0;
			defaultConfigurationName = Release;
		};
/* End XCConfigurationList section */
	};
	rootObject = 9022725E207A0EE000F9B3C6 /* Project object */;
}
